{
  "name": "pam.net",
  "lockfileVersion": 2,
  "requires": true,
  "packages": {
    "": {
      "name": "pam.net",
      "license": "MIT",
      "dependencies": {
        "@fortawesome/fontawesome-free": "^6.2.1",
        "animadio": "^6.2.5"
      }
    },
    "node_modules/@fortawesome/fontawesome-free": {
      "version": "6.2.1",
      "resolved": "https://registry.npmjs.org/@fortawesome/fontawesome-free/-/fontawesome-free-6.2.1.tgz",
      "integrity": "sha512-viouXhegu/TjkvYQoiRZK3aax69dGXxgEjpvZW81wIJdxm5Fnvp3VVIP4VHKqX4SvFw6qpmkILkD4RJWAdrt7A==",
      "hasInstallScript": true,
      "engines": {
        "node": ">=6"
      }
    },
    "node_modules/animadio": {
      "version": "6.2.5",
      "resolved": "https://registry.npmjs.org/animadio/-/animadio-6.2.5.tgz",
      "integrity": "sha512-svY9zebxH1mNqMROepVnailh48Xvl3+mMpPPuiMMwgaoR0ugCvnmRZzfxvZ6qdMyc1KdcCwpouQjFAKe/3OhSA=="
    }
  },
  "dependencies": {
    "@fortawesome/fontawesome-free": {
      "version": "6.2.1",
      "resolved": "https://registry.npmjs.org/@fortawesome/fontawesome-free/-/fontawesome-free-6.2.1.tgz",
      "integrity": "sha512-viouXhegu/TjkvYQoiRZK3aax69dGXxgEjpvZW81wIJdxm5Fnvp3VVIP4VHKqX4SvFw6qpmkILkD4RJWAdrt7A=="
    },
    "animadio": {
      "version": "6.2.5",
      "resolved": "https://registry.npmjs.org/animadio/-/animadio-6.2.5.tgz",
      "integrity": "sha512-svY9zebxH1mNqMROepVnailh48Xvl3+mMpPPuiMMwgaoR0ugCvnmRZzfxvZ6qdMyc1KdcCwpouQjFAKe/3OhSA=="
    }
  }
}
