{
  "name": "pam.net",
  "lockfileVersion": 2,
  "requires": true,
  "packages": {
    "": {
      "name": "pam.net",
      "license": "MIT",
      "dependencies": {
        "@fortawesome/fontawesome-free": "^5.15.4",
        "animadio": "^5.0.5"
      }
    },
    "node_modules/@fortawesome/fontawesome-free": {
      "version": "5.15.4",
      "resolved": "https://registry.npmjs.org/@fortawesome/fontawesome-free/-/fontawesome-free-5.15.4.tgz",
      "integrity": "sha512-eYm8vijH/hpzr/6/1CJ/V/Eb1xQFW2nnUKArb3z+yUWv7HTwj6M7SP957oMjfZjAHU6qpoNc2wQvIxBLWYa/Jg==",
      "hasInstallScript": true,
      "engines": {
        "node": ">=6"
      }
    },
    "node_modules/animadio": {
      "version": "5.0.5",
      "resolved": "https://registry.npmjs.org/animadio/-/animadio-5.0.5.tgz",
      "integrity": "sha512-a4YRF7CWU2X60Ba6ARo8UO9jMinoo7uM/5jPxXo9cDBqy0IIBItsB0wUrNXpXhCe4dwq9Mlq5TPADqFoQJGNfw=="
    }
  },
  "dependencies": {
    "@fortawesome/fontawesome-free": {
      "version": "5.15.4",
      "resolved": "https://registry.npmjs.org/@fortawesome/fontawesome-free/-/fontawesome-free-5.15.4.tgz",
      "integrity": "sha512-eYm8vijH/hpzr/6/1CJ/V/Eb1xQFW2nnUKArb3z+yUWv7HTwj6M7SP957oMjfZjAHU6qpoNc2wQvIxBLWYa/Jg=="
    },
    "animadio": {
      "version": "5.0.5",
      "resolved": "https://registry.npmjs.org/animadio/-/animadio-5.0.5.tgz",
      "integrity": "sha512-a4YRF7CWU2X60Ba6ARo8UO9jMinoo7uM/5jPxXo9cDBqy0IIBItsB0wUrNXpXhCe4dwq9Mlq5TPADqFoQJGNfw=="
    }
  }
}
